
Microsoft Visual Studio Solution File, Format Version 12.00
# Visual Studio Version 17
VisualStudioVersion = 17.0.31903.59
MinimumVisualStudioVersion = 10.0.40219.1
Project("{2150E333-8FDC-42A3-9474-1A3956D46DE8}") = "src", "src", "{827E0CD3-B72D-47B6-A68D-7590B98EB39B}"
EndProject
Project("{FAE04EC0-301F-11D3-BF4B-00C04F79EFBC}") = "Noto.Core", "src\Noto.Core\Noto.Core.csproj", "{9CEAC0EA-8F42-4320-B2F3-E4C9F7AD2616}"
EndProject
Project("{FAE04EC0-301F-11D3-BF4B-00C04F79EFBC}") = "Noto.Data", "src\Noto.Data\Noto.Data.csproj", "{59DEFCE2-FDFD-427B-81CC-8DB988B91333}"
EndProject
Project("{2150E333-8FDC-42A3-9474-1A3956D46DE8}") = "tests", "tests", "{0AB3BF05-4346-4AA6-1389-037BE0695223}"
EndProject
Project("{FAE04EC0-301F-11D3-BF4B-00C04F79EFBC}") = "Noto.Core.Tests", "tests\Noto.Core.Tests\Noto.Core.Tests.csproj", "{AF1451C6-0AAA-4B34-9E8C-00B9F30FB950}"
EndProject
Project("{FAE04EC0-301F-11D3-BF4B-00C04F79EFBC}") = "Noto.Data.Tests", "tests\Noto.Data.Tests\Noto.Data.Tests.csproj", "{9B1F609C-3000-46B5-A991-B02F689D2749}"
EndProject
Project("{FAE04EC0-301F-11D3-BF4B-00C04F79EFBC}") = "Noto.App", "src\Noto.App\Noto.App.csproj", "{5CD41870-4F06-45BA-81EF-1D82795DF890}"
EndProject
Project("{FAE04EC0-301F-11D3-BF4B-00C04F79EFBC}") = "Noto.Platform", "src\Noto.Platform\Noto.Platform.csproj", "{13913E79-0E9D-4E1D-B935-CE2D967F0174}"
EndProject
Project("{FAE04EC0-301F-11D3-BF4B-00C04F79EFBC}") = "Noto.Desktop", "src\Noto.Desktop\Noto.Desktop.csproj", "{0A6E50BB-3856-4A10-947C-452FA31F9054}"
EndProject
Project("{FAE04EC0-301F-11D3-BF4B-00C04F79EFBC}") = "Noto.Providers", "src\Noto.Providers\Noto.Providers.csproj", "{79FEE80C-4B99-48B1-9079-928A85FB0709}"
EndProject
Project("{FAE04EC0-301F-11D3-BF4B-00C04F79EFBC}") = "Noto.Server", "src\Noto.Server\Noto.Server.csproj", "{480DD09C-D5AE-4598-A44F-6B14C5BBC755}"
EndProject
Project("{FAE04EC0-301F-11D3-BF4B-00C04F79EFBC}") = "Noto.Sync", "src\Noto.Sync\Noto.Sync.csproj", "{9343BD2C-A1E6-4505-8D85-CCF222C95ABE}"
EndProject
Project("{FAE04EC0-301F-11D3-BF4B-00C04F79EFBC}") = "Noto.App.Tests", "tests\Noto.App.Tests\Noto.App.Tests.csproj", "{7DC25751-BE44-4300-8F46-20218D1DFD69}"
EndProject
Project("{FAE04EC0-301F-11D3-BF4B-00C04F79EFBC}") = "Noto.Platform.Tests", "tests\Noto.Platform.Tests\Noto.Platform.Tests.csproj", "{D9FCD70C-6A69-48D0-B226-FBBA6A1C99BF}"
EndProject
Project("{FAE04EC0-301F-11D3-BF4B-00C04F79EFBC}") = "Noto.Providers.Tests", "tests\Noto.Providers.Tests\Noto.Providers.Tests.csproj", "{DD59B7D5-15DC-4564-BC33-9894ECA3582D}"
EndProject
Project("{FAE04EC0-301F-11D3-BF4B-00C04F79EFBC}") = "Noto.Server.Tests", "tests\Noto.Server.Tests\Noto.Server.Tests.csproj", "{8FBB40DB-F589-4C33-83B0-BD2E5ECDA9A6}"
EndProject
Project("{FAE04EC0-301F-11D3-BF4B-00C04F79EFBC}") = "Noto.Sync.Tests", "tests\Noto.Sync.Tests\Noto.Sync.Tests.csproj", "{113A97C6-2695-4B85-B700-8ACC73045E34}"
EndProject
Global
	GlobalSection(SolutionConfigurationPlatforms) = preSolution
		Debug|Any CPU = Debug|Any CPU
		Debug|x64 = Debug|x64
		Debug|x86 = Debug|x86
		Release|Any CPU = Release|Any CPU
		Release|x64 = Release|x64
		Release|x86 = Release|x86
	EndGlobalSection
	GlobalSection(ProjectConfigurationPlatforms) = postSolution
		{9CEAC0EA-8F42-4320-B2F3-E4C9F7AD2616}.Debug|Any CPU.ActiveCfg = Debug|Any CPU
		{9CEAC0EA-8F42-4320-B2F3-E4C9F7AD2616}.Debug|Any CPU.Build.0 = Debug|Any CPU
		{9CEAC0EA-8F42-4320-B2F3-E4C9F7AD2616}.Debug|x64.ActiveCfg = Debug|Any CPU
		{9CEAC0EA-8F42-4320-B2F3-E4C9F7AD2616}.Debug|x64.Build.0 = Debug|Any CPU
		{9CEAC0EA-8F42-4320-B2F3-E4C9F7AD2616}.Debug|x86.ActiveCfg = Debug|Any CPU
		{9CEAC0EA-8F42-4320-B2F3-E4C9F7AD2616}.Debug|x86.Build.0 = Debug|Any CPU
		{9CEAC0EA-8F42-4320-B2F3-E4C9F7AD2616}.Release|Any CPU.ActiveCfg = Release|Any CPU
		{9CEAC0EA-8F42-4320-B2F3-E4C9F7AD2616}.Release|Any CPU.Build.0 = Release|Any CPU
		{9CEAC0EA-8F42-4320-B2F3-E4C9F7AD2616}.Release|x64.ActiveCfg = Release|Any CPU
		{9CEAC0EA-8F42-4320-B2F3-E4C9F7AD2616}.Release|x64.Build.0 = Release|Any CPU
		{9CEAC0EA-8F42-4320-B2F3-E4C9F7AD2616}.Release|x86.ActiveCfg = Release|Any CPU
		{9CEAC0EA-8F42-4320-B2F3-E4C9F7AD2616}.Release|x86.Build.0 = Release|Any CPU
		{59DEFCE2-FDFD-427B-81CC-8DB988B91333}.Debug|Any CPU.ActiveCfg = Debug|Any CPU
		{59DEFCE2-FDFD-427B-81CC-8DB988B91333}.Debug|Any CPU.Build.0 = Debug|Any CPU
		{59DEFCE2-FDFD-427B-81CC-8DB988B91333}.Debug|x64.ActiveCfg = Debug|Any CPU
		{59DEFCE2-FDFD-427B-81CC-8DB988B91333}.Debug|x64.Build.0 = Debug|Any CPU
		{59DEFCE2-FDFD-427B-81CC-8DB988B91333}.Debug|x86.ActiveCfg = Debug|Any CPU
		{59DEFCE2-FDFD-427B-81CC-8DB988B91333}.Debug|x86.Build.0 = Debug|Any CPU
		{59DEFCE2-FDFD-427B-81CC-8DB988B91333}.Release|Any CPU.ActiveCfg = Release|Any CPU
		{59DEFCE2-FDFD-427B-81CC-8DB988B91333}.Release|Any CPU.Build.0 = Release|Any CPU
		{59DEFCE2-FDFD-427B-81CC-8DB988B91333}.Release|x64.ActiveCfg = Release|Any CPU
		{59DEFCE2-FDFD-427B-81CC-8DB988B91333}.Release|x64.Build.0 = Release|Any CPU
		{59DEFCE2-FDFD-427B-81CC-8DB988B91333}.Release|x86.ActiveCfg = Release|Any CPU
		{59DEFCE2-FDFD-427B-81CC-8DB988B91333}.Release|x86.Build.0 = Release|Any CPU
		{AF1451C6-0AAA-4B34-9E8C-00B9F30FB950}.Debug|Any CPU.ActiveCfg = Debug|Any CPU
		{AF1451C6-0AAA-4B34-9E8C-00B9F30FB950}.Debug|Any CPU.Build.0 = Debug|Any CPU
		{AF1451C6-0AAA-4B34-9E8C-00B9F30FB950}.Debug|x64.ActiveCfg = Debug|Any CPU
		{AF1451C6-0AAA-4B34-9E8C-00B9F30FB950}.Debug|x64.Build.0 = Debug|Any CPU
		{AF1451C6-0AAA-4B34-9E8C-00B9F30FB950}.Debug|x86.ActiveCfg = Debug|Any CPU
		{AF1451C6-0AAA-4B34-9E8C-00B9F30FB950}.Debug|x86.Build.0 = Debug|Any CPU
		{AF1451C6-0AAA-4B34-9E8C-00B9F30FB950}.Release|Any CPU.ActiveCfg = Release|Any CPU
		{AF1451C6-0AAA-4B34-9E8C-00B9F30FB950}.Release|Any CPU.Build.0 = Release|Any CPU
		{AF1451C6-0AAA-4B34-9E8C-00B9F30FB950}.Release|x64.ActiveCfg = Release|Any CPU
		{AF1451C6-0AAA-4B34-9E8C-00B9F30FB950}.Release|x64.Build.0 = Release|Any CPU
		{AF1451C6-0AAA-4B34-9E8C-00B9F30FB950}.Release|x86.ActiveCfg = Release|Any CPU
		{AF1451C6-0AAA-4B34-9E8C-00B9F30FB950}.Release|x86.Build.0 = Release|Any CPU
		{9B1F609C-3000-46B5-A991-B02F689D2749}.Debug|Any CPU.ActiveCfg = Debug|Any CPU
		{9B1F609C-3000-46B5-A991-B02F689D2749}.Debug|Any CPU.Build.0 = Debug|Any CPU
		{9B1F609C-3000-46B5-A991-B02F689D2749}.Debug|x64.ActiveCfg = Debug|Any CPU
		{9B1F609C-3000-46B5-A991-B02F689D2749}.Debug|x64.Build.0 = Debug|Any CPU
		{9B1F609C-3000-46B5-A991-B02F689D2749}.Debug|x86.ActiveCfg = Debug|Any CPU
		{9B1F609C-3000-46B5-A991-B02F689D2749}.Debug|x86.Build.0 = Debug|Any CPU
		{9B1F609C-3000-46B5-A991-B02F689D2749}.Release|Any CPU.ActiveCfg = Release|Any CPU
		{9B1F609C-3000-46B5-A991-B02F689D2749}.Release|Any CPU.Build.0 = Release|Any CPU
		{9B1F609C-3000-46B5-A991-B02F689D2749}.Release|x64.ActiveCfg = Release|Any CPU
		{9B1F609C-3000-46B5-A991-B02F689D2749}.Release|x64.Build.0 = Release|Any CPU
		{9B1F609C-3000-46B5-A991-B02F689D2749}.Release|x86.ActiveCfg = Release|Any CPU
		{9B1F609C-3000-46B5-A991-B02F689D2749}.Release|x86.Build.0 = Release|Any CPU
		{5CD41870-4F06-45BA-81EF-1D82795DF890}.Debug|Any CPU.ActiveCfg = Debug|Any CPU
		{5CD41870-4F06-45BA-81EF-1D82795DF890}.Debug|Any CPU.Build.0 = Debug|Any CPU
		{5CD41870-4F06-45BA-81EF-1D82795DF890}.Debug|x64.ActiveCfg = Debug|Any CPU
		{5CD41870-4F06-45BA-81EF-1D82795DF890}.Debug|x64.Build.0 = Debug|Any CPU
		{5CD41870-4F06-45BA-81EF-1D82795DF890}.Debug|x86.ActiveCfg = Debug|Any CPU
		{5CD41870-4F06-45BA-81EF-1D82795DF890}.Debug|x86.Build.0 = Debug|Any CPU
		{5CD41870-4F06-45BA-81EF-1D82795DF890}.Release|Any CPU.ActiveCfg = Release|Any CPU
		{5CD41870-4F06-45BA-81EF-1D82795DF890}.Release|Any CPU.Build.0 = Release|Any CPU
		{5CD41870-4F06-45BA-81EF-1D82795DF890}.Release|x64.ActiveCfg = Release|Any CPU
		{5CD41870-4F06-45BA-81EF-1D82795DF890}.Release|x64.Build.0 = Release|Any CPU
		{5CD41870-4F06-45BA-81EF-1D82795DF890}.Release|x86.ActiveCfg = Release|Any CPU
		{5CD41870-4F06-45BA-81EF-1D82795DF890}.Release|x86.Build.0 = Release|Any CPU
		{13913E79-0E9D-4E1D-B935-CE2D967F0174}.Debug|Any CPU.ActiveCfg = Debug|Any CPU
		{13913E79-0E9D-4E1D-B935-CE2D967F0174}.Debug|Any CPU.Build.0 = Debug|Any CPU
		{13913E79-0E9D-4E1D-B935-CE2D967F0174}.Debug|x64.ActiveCfg = Debug|Any CPU
		{13913E79-0E9D-4E1D-B935-CE2D967F0174}.Debug|x64.Build.0 = Debug|Any CPU
		{13913E79-0E9D-4E1D-B935-CE2D967F0174}.Debug|x86.ActiveCfg = Debug|Any CPU
		{13913E79-0E9D-4E1D-B935-CE2D967F0174}.Debug|x86.Build.0 = Debug|Any CPU
		{13913E79-0E9D-4E1D-B935-CE2D967F0174}.Release|Any CPU.ActiveCfg = Release|Any CPU
		{13913E79-0E9D-4E1D-B935-CE2D967F0174}.Release|Any CPU.Build.0 = Release|Any CPU
		{13913E79-0E9D-4E1D-B935-CE2D967F0174}.Release|x64.ActiveCfg = Release|Any CPU
		{13913E79-0E9D-4E1D-B935-CE2D967F0174}.Release|x64.Build.0 = Release|Any CPU
		{13913E79-0E9D-4E1D-B935-CE2D967F0174}.Release|x86.ActiveCfg = Release|Any CPU
		{13913E79-0E9D-4E1D-B935-CE2D967F0174}.Release|x86.Build.0 = Release|Any CPU
		{0A6E50BB-3856-4A10-947C-452FA31F9054}.Debug|Any CPU.ActiveCfg = Debug|Any CPU
		{0A6E50BB-3856-4A10-947C-452FA31F9054}.Debug|Any CPU.Build.0 = Debug|Any CPU
		{0A6E50BB-3856-4A10-947C-452FA31F9054}.Debug|x64.ActiveCfg = Debug|Any CPU
		{0A6E50BB-3856-4A10-947C-452FA31F9054}.Debug|x64.Build.0 = Debug|Any CPU
		{0A6E50BB-3856-4A10-947C-452FA31F9054}.Debug|x86.ActiveCfg = Debug|Any CPU
		{0A6E50BB-3856-4A10-947C-452FA31F9054}.Debug|x86.Build.0 = Debug|Any CPU
		{0A6E50BB-3856-4A10-947C-452FA31F9054}.Release|Any CPU.ActiveCfg = Release|Any CPU
		{0A6E50BB-3856-4A10-947C-452FA31F9054}.Release|Any CPU.Build.0 = Release|Any CPU
		{0A6E50BB-3856-4A10-947C-452FA31F9054}.Release|x64.ActiveCfg = Release|Any CPU
		{0A6E50BB-3856-4A10-947C-452FA31F9054}.Release|x64.Build.0 = Release|Any CPU
		{0A6E50BB-3856-4A10-947C-452FA31F9054}.Release|x86.ActiveCfg = Release|Any CPU
		{0A6E50BB-3856-4A10-947C-452FA31F9054}.Release|x86.Build.0 = Release|Any CPU
		{79FEE80C-4B99-48B1-9079-928A85FB0709}.Debug|Any CPU.ActiveCfg = Debug|Any CPU
		{79FEE80C-4B99-48B1-9079-928A85FB0709}.Debug|Any CPU.Build.0 = Debug|Any CPU
		{79FEE80C-4B99-48B1-9079-928A85FB0709}.Debug|x64.ActiveCfg = Debug|Any CPU
		{79FEE80C-4B99-48B1-9079-928A85FB0709}.Debug|x64.Build.0 = Debug|Any CPU
		{79FEE80C-4B99-48B1-9079-928A85FB0709}.Debug|x86.ActiveCfg = Debug|Any CPU
		{79FEE80C-4B99-48B1-9079-928A85FB0709}.Debug|x86.Build.0 = Debug|Any CPU
		{79FEE80C-4B99-48B1-9079-928A85FB0709}.Release|Any CPU.ActiveCfg = Release|Any CPU
		{79FEE80C-4B99-48B1-9079-928A85FB0709}.Release|Any CPU.Build.0 = Release|Any CPU
		{79FEE80C-4B99-48B1-9079-928A85FB0709}.Release|x64.ActiveCfg = Release|Any CPU
		{79FEE80C-4B99-48B1-9079-928A85FB0709}.Release|x64.Build.0 = Release|Any CPU
		{79FEE80C-4B99-48B1-9079-928A85FB0709}.Release|x86.ActiveCfg = Release|Any CPU
		{79FEE80C-4B99-48B1-9079-928A85FB0709}.Release|x86.Build.0 = Release|Any CPU
		{480DD09C-D5AE-4598-A44F-6B14C5BBC755}.Debug|Any CPU.ActiveCfg = Debug|Any CPU
		{480DD09C-D5AE-4598-A44F-6B14C5BBC755}.Debug|Any CPU.Build.0 = Debug|Any CPU
		{480DD09C-D5AE-4598-A44F-6B14C5BBC755}.Debug|x64.ActiveCfg = Debug|Any CPU
		{480DD09C-D5AE-4598-A44F-6B14C5BBC755}.Debug|x64.Build.0 = Debug|Any CPU
		{480DD09C-D5AE-4598-A44F-6B14C5BBC755}.Debug|x86.ActiveCfg = Debug|Any CPU
		{480DD09C-D5AE-4598-A44F-6B14C5BBC755}.Debug|x86.Build.0 = Debug|Any CPU
		{480DD09C-D5AE-4598-A44F-6B14C5BBC755}.Release|Any CPU.ActiveCfg = Release|Any CPU
		{480DD09C-D5AE-4598-A44F-6B14C5BBC755}.Release|Any CPU.Build.0 = Release|Any CPU
		{480DD09C-D5AE-4598-A44F-6B14C5BBC755}.Release|x64.ActiveCfg = Release|Any CPU
		{480DD09C-D5AE-4598-A44F-6B14C5BBC755}.Release|x64.Build.0 = Release|Any CPU
		{480DD09C-D5AE-4598-A44F-6B14C5BBC755}.Release|x86.ActiveCfg = Release|Any CPU
		{480DD09C-D5AE-4598-A44F-6B14C5BBC755}.Release|x86.Build.0 = Release|Any CPU
		{9343BD2C-A1E6-4505-8D85-CCF222C95ABE}.Debug|Any CPU.ActiveCfg = Debug|Any CPU
		{9343BD2C-A1E6-4505-8D85-CCF222C95ABE}.Debug|Any CPU.Build.0 = Debug|Any CPU
		{9343BD2C-A1E6-4505-8D85-CCF222C95ABE}.Debug|x64.ActiveCfg = Debug|Any CPU
		{9343BD2C-A1E6-4505-8D85-CCF222C95ABE}.Debug|x64.Build.0 = Debug|Any CPU
		{9343BD2C-A1E6-4505-8D85-CCF222C95ABE}.Debug|x86.ActiveCfg = Debug|Any CPU
		{9343BD2C-A1E6-4505-8D85-CCF222C95ABE}.Debug|x86.Build.0 = Debug|Any CPU
		{9343BD2C-A1E6-4505-8D85-CCF222C95ABE}.Release|Any CPU.ActiveCfg = Release|Any CPU
		{9343BD2C-A1E6-4505-8D85-CCF222C95ABE}.Release|Any CPU.Build.0 = Release|Any CPU
		{9343BD2C-A1E6-4505-8D85-CCF222C95ABE}.Release|x64.ActiveCfg = Release|Any CPU
		{9343BD2C-A1E6-4505-8D85-CCF222C95ABE}.Release|x64.Build.0 = Release|Any CPU
		{9343BD2C-A1E6-4505-8D85-CCF222C95ABE}.Release|x86.ActiveCfg = Release|Any CPU
		{9343BD2C-A1E6-4505-8D85-CCF222C95ABE}.Release|x86.Build.0 = Release|Any CPU
		{7DC25751-BE44-4300-8F46-20218D1DFD69}.Debug|Any CPU.ActiveCfg = Debug|Any CPU
		{7DC25751-BE44-4300-8F46-20218D1DFD69}.Debug|Any CPU.Build.0 = Debug|Any CPU
		{7DC25751-BE44-4300-8F46-20218D1DFD69}.Debug|x64.ActiveCfg = Debug|Any CPU
		{7DC25751-BE44-4300-8F46-20218D1DFD69}.Debug|x64.Build.0 = Debug|Any CPU
		{7DC25751-BE44-4300-8F46-20218D1DFD69}.Debug|x86.ActiveCfg = Debug|Any CPU
		{7DC25751-BE44-4300-8F46-20218D1DFD69}.Debug|x86.Build.0 = Debug|Any CPU
		{7DC25751-BE44-4300-8F46-20218D1DFD69}.Release|Any CPU.ActiveCfg = Release|Any CPU
		{7DC25751-BE44-4300-8F46-20218D1DFD69}.Release|Any CPU.Build.0 = Release|Any CPU
		{7DC25751-BE44-4300-8F46-20218D1DFD69}.Release|x64.ActiveCfg = Release|Any CPU
		{7DC25751-BE44-4300-8F46-20218D1DFD69}.Release|x64.Build.0 = Release|Any CPU
		{7DC25751-BE44-4300-8F46-20218D1DFD69}.Release|x86.ActiveCfg = Release|Any CPU
		{7DC25751-BE44-4300-8F46-20218D1DFD69}.Release|x86.Build.0 = Release|Any CPU
		{D9FCD70C-6A69-48D0-B226-FBBA6A1C99BF}.Debug|Any CPU.ActiveCfg = Debug|Any CPU
		{D9FCD70C-6A69-48D0-B226-FBBA6A1C99BF}.Debug|Any CPU.Build.0 = Debug|Any CPU
		{D9FCD70C-6A69-48D0-B226-FBBA6A1C99BF}.Debug|x64.ActiveCfg = Debug|Any CPU
		{D9FCD70C-6A69-48D0-B226-FBBA6A1C99BF}.Debug|x64.Build.0 = Debug|Any CPU
		{D9FCD70C-6A69-48D0-B226-FBBA6A1C99BF}.Debug|x86.ActiveCfg = Debug|Any CPU
		{D9FCD70C-6A69-48D0-B226-FBBA6A1C99BF}.Debug|x86.Build.0 = Debug|Any CPU
		{D9FCD70C-6A69-48D0-B226-FBBA6A1C99BF}.Release|Any CPU.ActiveCfg = Release|Any CPU
		{D9FCD70C-6A69-48D0-B226-FBBA6A1C99BF}.Release|Any CPU.Build.0 = Release|Any CPU
		{D9FCD70C-6A69-48D0-B226-FBBA6A1C99BF}.Release|x64.ActiveCfg = Release|Any CPU
		{D9FCD70C-6A69-48D0-B226-FBBA6A1C99BF}.Release|x64.Build.0 = Release|Any CPU
		{D9FCD70C-6A69-48D0-B226-FBBA6A1C99BF}.Release|x86.ActiveCfg = Release|Any CPU
		{D9FCD70C-6A69-48D0-B226-FBBA6A1C99BF}.Release|x86.Build.0 = Release|Any CPU
		{DD59B7D5-15DC-4564-BC33-9894ECA3582D}.Debug|Any CPU.ActiveCfg = Debug|Any CPU
		{DD59B7D5-15DC-4564-BC33-9894ECA3582D}.Debug|Any CPU.Build.0 = Debug|Any CPU
		{DD59B7D5-15DC-4564-BC33-9894ECA3582D}.Debug|x64.ActiveCfg = Debug|Any CPU
		{DD59B7D5-15DC-4564-BC33-9894ECA3582D}.Debug|x64.Build.0 = Debug|Any CPU
		{DD59B7D5-15DC-4564-BC33-9894ECA3582D}.Debug|x86.ActiveCfg = Debug|Any CPU
		{DD59B7D5-15DC-4564-BC33-9894ECA3582D}.Debug|x86.Build.0 = Debug|Any CPU
		{DD59B7D5-15DC-4564-BC33-9894ECA3582D}.Release|Any CPU.ActiveCfg = Release|Any CPU
		{DD59B7D5-15DC-4564-BC33-9894ECA3582D}.Release|Any CPU.Build.0 = Release|Any CPU
		{DD59B7D5-15DC-4564-BC33-9894ECA3582D}.Release|x64.ActiveCfg = Release|Any CPU
		{DD59B7D5-15DC-4564-BC33-9894ECA3582D}.Release|x64.Build.0 = Release|Any CPU
		{DD59B7D5-15DC-4564-BC33-9894ECA3582D}.Release|x86.ActiveCfg = Release|Any CPU
		{DD59B7D5-15DC-4564-BC33-9894ECA3582D}.Release|x86.Build.0 = Release|Any CPU
		{8FBB40DB-F589-4C33-83B0-BD2E5ECDA9A6}.Debug|Any CPU.ActiveCfg = Debug|Any CPU
		{8FBB40DB-F589-4C33-83B0-BD2E5ECDA9A6}.Debug|Any CPU.Build.0 = Debug|Any CPU
		{8FBB40DB-F589-4C33-83B0-BD2E5ECDA9A6}.Debug|x64.ActiveCfg = Debug|Any CPU
		{8FBB40DB-F589-4C33-83B0-BD2E5ECDA9A6}.Debug|x64.Build.0 = Debug|Any CPU
		{8FBB40DB-F589-4C33-83B0-BD2E5ECDA9A6}.Debug|x86.ActiveCfg = Debug|Any CPU
		{8FBB40DB-F589-4C33-83B0-BD2E5ECDA9A6}.Debug|x86.Build.0 = Debug|Any CPU
		{8FBB40DB-F589-4C33-83B0-BD2E5ECDA9A6}.Release|Any CPU.ActiveCfg = Release|Any CPU
		{8FBB40DB-F589-4C33-83B0-BD2E5ECDA9A6}.Release|Any CPU.Build.0 = Release|Any CPU
		{8FBB40DB-F589-4C33-83B0-BD2E5ECDA9A6}.Release|x64.ActiveCfg = Release|Any CPU
		{8FBB40DB-F589-4C33-83B0-BD2E5ECDA9A6}.Release|x64.Build.0 = Release|Any CPU
		{8FBB40DB-F589-4C33-83B0-BD2E5ECDA9A6}.Release|x86.ActiveCfg = Release|Any CPU
		{8FBB40DB-F589-4C33-83B0-BD2E5ECDA9A6}.Release|x86.Build.0 = Release|Any CPU
		{113A97C6-2695-4B85-B700-8ACC73045E34}.Debug|Any CPU.ActiveCfg = Debug|Any CPU
		{113A97C6-2695-4B85-B700-8ACC73045E34}.Debug|Any CPU.Build.0 = Debug|Any CPU
		{113A97C6-2695-4B85-B700-8ACC73045E34}.Debug|x64.ActiveCfg = Debug|Any CPU
		{113A97C6-2695-4B85-B700-8ACC73045E34}.Debug|x64.Build.0 = Debug|Any CPU
		{113A97C6-2695-4B85-B700-8ACC73045E34}.Debug|x86.ActiveCfg = Debug|Any CPU
		{113A97C6-2695-4B85-B700-8ACC73045E34}.Debug|x86.Build.0 = Debug|Any CPU
		{113A97C6-2695-4B85-B700-8ACC73045E34}.Release|Any CPU.ActiveCfg = Release|Any CPU
		{113A97C6-2695-4B85-B700-8ACC73045E34}.Release|Any CPU.Build.0 = Release|Any CPU
		{113A97C6-2695-4B85-B700-8ACC73045E34}.Release|x64.ActiveCfg = Release|Any CPU
		{113A97C6-2695-4B85-B700-8ACC73045E34}.Release|x64.Build.0 = Release|Any CPU
		{113A97C6-2695-4B85-B700-8ACC73045E34}.Release|x86.ActiveCfg = Release|Any CPU
		{113A97C6-2695-4B85-B700-8ACC73045E34}.Release|x86.Build.0 = Release|Any CPU
	EndGlobalSection
	GlobalSection(SolutionProperties) = preSolution
		HideSolutionNode = FALSE
	EndGlobalSection
	GlobalSection(NestedProjects) = preSolution
		{9CEAC0EA-8F42-4320-B2F3-E4C9F7AD2616} = {827E0CD3-B72D-47B6-A68D-7590B98EB39B}
		{59DEFCE2-FDFD-427B-81CC-8DB988B91333} = {827E0CD3-B72D-47B6-A68D-7590B98EB39B}
		{AF1451C6-0AAA-4B34-9E8C-00B9F30FB950} = {0AB3BF05-4346-4AA6-1389-037BE0695223}
		{9B1F609C-3000-46B5-A991-B02F689D2749} = {0AB3BF05-4346-4AA6-1389-037BE0695223}
		{5CD41870-4F06-45BA-81EF-1D82795DF890} = {827E0CD3-B72D-47B6-A68D-7590B98EB39B}
		{13913E79-0E9D-4E1D-B935-CE2D967F0174} = {827E0CD3-B72D-47B6-A68D-7590B98EB39B}
		{0A6E50BB-3856-4A10-947C-452FA31F9054} = {827E0CD3-B72D-47B6-A68D-7590B98EB39B}
		{79FEE80C-4B99-48B1-9079-928A85FB0709} = {827E0CD3-B72D-47B6-A68D-7590B98EB39B}
		{480DD09C-D5AE-4598-A44F-6B14C5BBC755} = {827E0CD3-B72D-47B6-A68D-7590B98EB39B}
		{9343BD2C-A1E6-4505-8D85-CCF222C95ABE} = {827E0CD3-B72D-47B6-A68D-7590B98EB39B}
		{7DC25751-BE44-4300-8F46-20218D1DFD69} = {0AB3BF05-4346-4AA6-1389-037BE0695223}
		{D9FCD70C-6A69-48D0-B226-FBBA6A1C99BF} = {0AB3BF05-4346-4AA6-1389-037BE0695223}
		{DD59B7D5-15DC-4564-BC33-9894ECA3582D} = {0AB3BF05-4346-4AA6-1389-037BE0695223}
		{8FBB40DB-F589-4C33-83B0-BD2E5ECDA9A6} = {0AB3BF05-4346-4AA6-1389-037BE0695223}
		{113A97C6-2695-4B85-B700-8ACC73045E34} = {0AB3BF05-4346-4AA6-1389-037BE0695223}
	EndGlobalSection
EndGlobal
